
Microsoft Visual Studio Solution File, Format Version 12.00
# Visual Studio 15
Project("{FAE04EC0-301F-11D3-BF4B-00C04F79EFBC}") = "Assembly-CSharp", "Assembly-CSharp.csproj", "{1D4CB5C8-840C-A85A-CA8A-4984C13DAD85}"
EndProject
Project("{FAE04EC0-301F-11D3-BF4B-00C04F79EFBC}") = "Assembly-CSharp-Editor", "Assembly-CSharp-Editor.csproj", "{F9FEA8C1-F80D-9E51-BB14-85F7B0E6A18C}"
EndProject
Global
	GlobalSection(SolutionConfigurationPlatforms) = preSolution
		Debug|Any CPU = Debug|Any CPU
		Release|Any CPU = Release|Any CPU
	EndGlobalSection
	GlobalSection(ProjectConfigurationPlatforms) = postSolution
		{1D4CB5C8-840C-A85A-CA8A-4984C13DAD85}.Debug|Any CPU.ActiveCfg = Debug|Any CPU
		{1D4CB5C8-840C-A85A-CA8A-4984C13DAD85}.Debug|Any CPU.Build.0 = Debug|Any CPU
		{1D4CB5C8-840C-A85A-CA8A-4984C13DAD85}.Release|Any CPU.ActiveCfg = Release|Any CPU
		{1D4CB5C8-840C-A85A-CA8A-4984C13DAD85}.Release|Any CPU.Build.0 = Release|Any CPU
		{F9FEA8C1-F80D-9E51-BB14-85F7B0E6A18C}.Debug|Any CPU.ActiveCfg = Debug|Any CPU
		{F9FEA8C1-F80D-9E51-BB14-85F7B0E6A18C}.Debug|Any CPU.Build.0 = Debug|Any CPU
		{F9FEA8C1-F80D-9E51-BB14-85F7B0E6A18C}.Release|Any CPU.ActiveCfg = Release|Any CPU
		{F9FEA8C1-F80D-9E51-BB14-85F7B0E6A18C}.Release|Any CPU.Build.0 = Release|Any CPU
	EndGlobalSection
	GlobalSection(SolutionProperties) = preSolution
		HideSolutionNode = FALSE
	EndGlobalSection
EndGlobal
